
Microsoft Visual Studio Solution File, Format Version 12.00
# Visual Studio Version 16
VisualStudioVersion = 16.0.29905.134
MinimumVisualStudioVersion = 10.0.40219.1
Project("{FAE04EC0-301F-11D3-BF4B-00C04F79EFBC}") = "BlogAdaia", "BlogAdaia.csproj", "{AC9B00CB-17C2-47CA-B8F9-8B3630AC4AFB}"
EndProject
Global
	GlobalSection(SolutionConfigurationPlatforms) = preSolution
		Debug|Any CPU = Debug|Any CPU
		Release|Any CPU = Release|Any CPU
	EndGlobalSection
	GlobalSection(ProjectConfigurationPlatforms) = postSolution
		{AC9B00CB-17C2-47CA-B8F9-8B3630AC4AFB}.Debug|Any CPU.ActiveCfg = Debug|Any CPU
		{AC9B00CB-17C2-47CA-B8F9-8B3630AC4AFB}.Debug|Any CPU.Build.0 = Debug|Any CPU
		{AC9B00CB-17C2-47CA-B8F9-8B3630AC4AFB}.Release|Any CPU.ActiveCfg = Release|Any CPU
		{AC9B00CB-17C2-47CA-B8F9-8B3630AC4AFB}.Release|Any CPU.Build.0 = Release|Any CPU
	EndGlobalSection
	GlobalSection(SolutionProperties) = preSolution
		HideSolutionNode = FALSE
	EndGlobalSection
	GlobalSection(ExtensibilityGlobals) = postSolution
		SolutionGuid = {E579CE80-4C7E-491A-A1F6-B13073544314}
	EndGlobalSection
EndGlobal
